// !$*UTF8*$!
{
	archiveVersion = 1;
	classes = {
	};
	objectVersion = 56;
	objects = {

/* Begin PBXBuildFile section */
		9863F0302C44DB270034EE50 /* HelloKeyboardDemoApp.swift in Sources */ = {isa = PBXBuildFile; fileRef = 9863F02F2C44DB270034EE50 /* HelloKeyboardDemoApp.swift */; };
		9863F0342C44DB290034EE50 /* Assets.xcassets in Resources */ = {isa = PBXBuildFile; fileRef = 9863F0332C44DB290034EE50 /* Assets.xcassets */; };
		9863F0372C44DB290034EE50 /* Preview Assets.xcassets in Resources */ = {isa = PBXBuildFile; fileRef = 9863F0362C44DB290034EE50 /* Preview Assets.xcassets */; };
		9863F0442C44DBD30034EE50 /* KeyboardViewController.swift in Sources */ = {isa = PBXBuildFile; fileRef = 9863F0432C44DBD30034EE50 /* KeyboardViewController.swift */; };
		9863F0482C44DBD30034EE50 /* HelloKeyboard.appex in Embed Foundation Extensions */ = {isa = PBXBuildFile; fileRef = 9863F0412C44DBD30034EE50 /* HelloKeyboard.appex */; settings = {ATTRIBUTES = (RemoveHeadersOnCopy, ); }; };
		9863F0572C4B332F0034EE50 /* AnimalKeyboardView.swift in Sources */ = {isa = PBXBuildFile; fileRef = 9863F0562C4B332F0034EE50 /* AnimalKeyboardView.swift */; };
		9863F0592C4B33CA0034EE50 /* AppSpecificKeyboardDemo.swift in Sources */ = {isa = PBXBuildFile; fileRef = 9863F0582C4B33CA0034EE50 /* AppSpecificKeyboardDemo.swift */; };
		9863F05C2C4B3ADF0034EE50 /* AppSpecificKeyboard.gif in Resources */ = {isa = PBXBuildFile; fileRef = 9863F05B2C4B3ADF0034EE50 /* AppSpecificKeyboard.gif */; };
		9863F05E2C4B3EB70034EE50 /* AnimalKeyboardView.swift in Sources */ = {isa = PBXBuildFile; fileRef = 9863F0562C4B332F0034EE50 /* AnimalKeyboardView.swift */; };
		9863F0602C4B54170034EE50 /* SystemWideKeyboardWithNotch.gif in Resources */ = {isa = PBXBuildFile; fileRef = 9863F05F2C4B54170034EE50 /* SystemWideKeyboardWithNotch.gif */; };
		9863F0622C4B54D30034EE50 /* SystemWideKeyboardNoNotch.gif in Resources */ = {isa = PBXBuildFile; fileRef = 9863F0612C4B54D30034EE50 /* SystemWideKeyboardNoNotch.gif */; };
		9863F0642C4B54EC0034EE50 /* README.md in Resources */ = {isa = PBXBuildFile; fileRef = 9863F0632C4B54EC0034EE50 /* README.md */; };
/* End PBXBuildFile section */

/* Begin PBXContainerItemProxy section */
		9863F0462C44DBD30034EE50 /* PBXContainerItemProxy */ = {
			isa = PBXContainerItemProxy;
			containerPortal = 9863F0242C44DB270034EE50 /* Project object */;
			proxyType = 1;
			remoteGlobalIDString = 9863F0402C44DBD30034EE50;
			remoteInfo = HelloKeyboard;
		};
/* End PBXContainerItemProxy section */

/* Begin PBXCopyFilesBuildPhase section */
		9863F04C2C44DBD30034EE50 /* Embed Foundation Extensions */ = {
			isa = PBXCopyFilesBuildPhase;
			buildActionMask = 2147483647;
			dstPath = "";
			dstSubfolderSpec = 13;
			files = (
				9863F0482C44DBD30034EE50 /* HelloKeyboard.appex in Embed Foundation Extensions */,
			);
			name = "Embed Foundation Extensions";
			runOnlyForDeploymentPostprocessing = 0;
		};
/* End PBXCopyFilesBuildPhase section */

/* Begin PBXFileReference section */
		9863F02C2C44DB270034EE50 /* HelloKeyboardDemo.app */ = {isa = PBXFileReference; explicitFileType = wrapper.application; includeInIndex = 0; path = HelloKeyboardDemo.app; sourceTree = BUILT_PRODUCTS_DIR; };
		9863F02F2C44DB270034EE50 /* HelloKeyboardDemoApp.swift */ = {isa = PBXFileReference; lastKnownFileType = sourcecode.swift; path = HelloKeyboardDemoApp.swift; sourceTree = "<group>"; };
		9863F0332C44DB290034EE50 /* Assets.xcassets */ = {isa = PBXFileReference; lastKnownFileType = folder.assetcatalog; path = Assets.xcassets; sourceTree = "<group>"; };
		9863F0362C44DB290034EE50 /* Preview Assets.xcassets */ = {isa = PBXFileReference; lastKnownFileType = folder.assetcatalog; path = "Preview Assets.xcassets"; sourceTree = "<group>"; };
		9863F0412C44DBD30034EE50 /* HelloKeyboard.appex */ = {isa = PBXFileReference; explicitFileType = "wrapper.app-extension"; includeInIndex = 0; path = HelloKeyboard.appex; sourceTree = BUILT_PRODUCTS_DIR; };
		9863F0432C44DBD30034EE50 /* KeyboardViewController.swift */ = {isa = PBXFileReference; lastKnownFileType = sourcecode.swift; path = KeyboardViewController.swift; sourceTree = "<group>"; };
		9863F0452C44DBD30034EE50 /* Info.plist */ = {isa = PBXFileReference; lastKnownFileType = text.plist.xml; path = Info.plist; sourceTree = "<group>"; };
		9863F0562C4B332F0034EE50 /* AnimalKeyboardView.swift */ = {isa = PBXFileReference; lastKnownFileType = sourcecode.swift; path = AnimalKeyboardView.swift; sourceTree = "<group>"; };
		9863F0582C4B33CA0034EE50 /* AppSpecificKeyboardDemo.swift */ = {isa = PBXFileReference; lastKnownFileType = sourcecode.swift; path = AppSpecificKeyboardDemo.swift; sourceTree = "<group>"; };
		9863F05B2C4B3ADF0034EE50 /* AppSpecificKeyboard.gif */ = {isa = PBXFileReference; lastKnownFileType = image.gif; path = AppSpecificKeyboard.gif; sourceTree = "<group>"; };
		9863F05F2C4B54170034EE50 /* SystemWideKeyboardWithNotch.gif */ = {isa = PBXFileReference; lastKnownFileType = image.gif; path = SystemWideKeyboardWithNotch.gif; sourceTree = "<group>"; };
		9863F0612C4B54D30034EE50 /* SystemWideKeyboardNoNotch.gif */ = {isa = PBXFileReference; lastKnownFileType = image.gif; path = SystemWideKeyboardNoNotch.gif; sourceTree = "<group>"; };
		9863F0632C4B54EC0034EE50 /* README.md */ = {isa = PBXFileReference; lastKnownFileType = net.daringfireball.markdown; path = README.md; sourceTree = "<group>"; };
/* End PBXFileReference section */

/* Begin PBXFrameworksBuildPhase section */
		9863F0292C44DB270034EE50 /* Frameworks */ = {
			isa = PBXFrameworksBuildPhase;
			buildActionMask = 2147483647;
			files = (
			);
			runOnlyForDeploymentPostprocessing = 0;
		};
		9863F03E2C44DBD30034EE50 /* Frameworks */ = {
			isa = PBXFrameworksBuildPhase;
			buildActionMask = 2147483647;
			files = (
			);
			runOnlyForDeploymentPostprocessing = 0;
		};
/* End PBXFrameworksBuildPhase section */

/* Begin PBXGroup section */
		9863F0232C44DB270034EE50 = {
			isa = PBXGroup;
			children = (
				9863F0632C4B54EC0034EE50 /* README.md */,
				9863F05A2C4B3AD10034EE50 /* ReadmeAssets */,
				9863F02E2C44DB270034EE50 /* HelloKeyboardDemo */,
				9863F0422C44DBD30034EE50 /* HelloKeyboard */,
				9863F02D2C44DB270034EE50 /* Products */,
			);
			sourceTree = "<group>";
		};
		9863F02D2C44DB270034EE50 /* Products */ = {
			isa = PBXGroup;
			children = (
				9863F02C2C44DB270034EE50 /* HelloKeyboardDemo.app */,
				9863F0412C44DBD30034EE50 /* HelloKeyboard.appex */,
			);
			name = Products;
			sourceTree = "<group>";
		};
		9863F02E2C44DB270034EE50 /* HelloKeyboardDemo */ = {
			isa = PBXGroup;
			children = (
				9863F02F2C44DB270034EE50 /* HelloKeyboardDemoApp.swift */,
				9863F0562C4B332F0034EE50 /* AnimalKeyboardView.swift */,
				9863F0582C4B33CA0034EE50 /* AppSpecificKeyboardDemo.swift */,
				9863F0332C44DB290034EE50 /* Assets.xcassets */,
				9863F0352C44DB290034EE50 /* Preview Content */,
			);
			path = HelloKeyboardDemo;
			sourceTree = "<group>";
		};
		9863F0352C44DB290034EE50 /* Preview Content */ = {
			isa = PBXGroup;
			children = (
				9863F0362C44DB290034EE50 /* Preview Assets.xcassets */,
			);
			path = "Preview Content";
			sourceTree = "<group>";
		};
		9863F0422C44DBD30034EE50 /* HelloKeyboard */ = {
			isa = PBXGroup;
			children = (
				9863F0432C44DBD30034EE50 /* KeyboardViewController.swift */,
				9863F0452C44DBD30034EE50 /* Info.plist */,
			);
			path = HelloKeyboard;
			sourceTree = "<group>";
		};
		9863F05A2C4B3AD10034EE50 /* ReadmeAssets */ = {
			isa = PBXGroup;
			children = (
				9863F05F2C4B54170034EE50 /* SystemWideKeyboardWithNotch.gif */,
				9863F05B2C4B3ADF0034EE50 /* AppSpecificKeyboard.gif */,
				9863F0612C4B54D30034EE50 /* SystemWideKeyboardNoNotch.gif */,
			);
			path = ReadmeAssets;
			sourceTree = "<group>";
		};
/* End PBXGroup section */

/* Begin PBXNativeTarget section */
		9863F02B2C44DB270034EE50 /* HelloKeyboardDemo */ = {
			isa = PBXNativeTarget;
			buildConfigurationList = 9863F03A2C44DB290034EE50 /* Build configuration list for PBXNativeTarget "HelloKeyboardDemo" */;
			buildPhases = (
				9863F0282C44DB270034EE50 /* Sources */,
				9863F0292C44DB270034EE50 /* Frameworks */,
				9863F02A2C44DB270034EE50 /* Resources */,
				9863F04C2C44DBD30034EE50 /* Embed Foundation Extensions */,
			);
			buildRules = (
			);
			dependencies = (
				9863F0472C44DBD30034EE50 /* PBXTargetDependency */,
			);
			name = HelloKeyboardDemo;
			productName = HelloKeyboardDemo;
			productReference = 9863F02C2C44DB270034EE50 /* HelloKeyboardDemo.app */;
			productType = "com.apple.product-type.application";
		};
		9863F0402C44DBD30034EE50 /* HelloKeyboard */ = {
			isa = PBXNativeTarget;
			buildConfigurationList = 9863F0492C44DBD30034EE50 /* Build configuration list for PBXNativeTarget "HelloKeyboard" */;
			buildPhases = (
				9863F03D2C44DBD30034EE50 /* Sources */,
				9863F03E2C44DBD30034EE50 /* Frameworks */,
				9863F03F2C44DBD30034EE50 /* Resources */,
			);
			buildRules = (
			);
			dependencies = (
			);
			name = HelloKeyboard;
			productName = HelloKeyboard;
			productReference = 9863F0412C44DBD30034EE50 /* HelloKeyboard.appex */;
			productType = "com.apple.product-type.app-extension";
		};
/* End PBXNativeTarget section */

/* Begin PBXProject section */
		9863F0242C44DB270034EE50 /* Project object */ = {
			isa = PBXProject;
			attributes = {
				BuildIndependentTargetsInParallel = 1;
				LastSwiftUpdateCheck = 1540;
				LastUpgradeCheck = 1540;
				TargetAttributes = {
					9863F02B2C44DB270034EE50 = {
						CreatedOnToolsVersion = 15.4;
					};
					9863F0402C44DBD30034EE50 = {
						CreatedOnToolsVersion = 15.4;
					};
				};
			};
			buildConfigurationList = 9863F0272C44DB270034EE50 /* Build configuration list for PBXProject "HelloKeyboardDemo" */;
			compatibilityVersion = "Xcode 14.0";
			developmentRegion = en;
			hasScannedForEncodings = 0;
			knownRegions = (
				en,
				Base,
			);
			mainGroup = 9863F0232C44DB270034EE50;
			productRefGroup = 9863F02D2C44DB270034EE50 /* Products */;
			projectDirPath = "";
			projectRoot = "";
			targets = (
				9863F02B2C44DB270034EE50 /* HelloKeyboardDemo */,
				9863F0402C44DBD30034EE50 /* HelloKeyboard */,
			);
		};
/* End PBXProject section */

/* Begin PBXResourcesBuildPhase section */
		9863F02A2C44DB270034EE50 /* Resources */ = {
			isa = PBXResourcesBuildPhase;
			buildActionMask = 2147483647;
			files = (
				9863F0642C4B54EC0034EE50 /* README.md in Resources */,
				9863F0372C44DB290034EE50 /* Preview Assets.xcassets in Resources */,
				9863F0622C4B54D30034EE50 /* SystemWideKeyboardNoNotch.gif in Resources */,
				9863F05C2C4B3ADF0034EE50 /* AppSpecificKeyboard.gif in Resources */,
				9863F0602C4B54170034EE50 /* SystemWideKeyboardWithNotch.gif in Resources */,
				9863F0342C44DB290034EE50 /* Assets.xcassets in Resources */,
			);
			runOnlyForDeploymentPostprocessing = 0;
		};
		9863F03F2C44DBD30034EE50 /* Resources */ = {
			isa = PBXResourcesBuildPhase;
			buildActionMask = 2147483647;
			files = (
			);
			runOnlyForDeploymentPostprocessing = 0;
		};
/* End PBXResourcesBuildPhase section */

/* Begin PBXSourcesBuildPhase section */
		9863F0282C44DB270034EE50 /* Sources */ = {
			isa = PBXSourcesBuildPhase;
			buildActionMask = 2147483647;
			files = (
				9863F0592C4B33CA0034EE50 /* AppSpecificKeyboardDemo.swift in Sources */,
				9863F0302C44DB270034EE50 /* HelloKeyboardDemoApp.swift in Sources */,
				9863F0572C4B332F0034EE50 /* AnimalKeyboardView.swift in Sources */,
			);
			runOnlyForDeploymentPostprocessing = 0;
		};
		9863F03D2C44DBD30034EE50 /* Sources */ = {
			isa = PBXSourcesBuildPhase;
			buildActionMask = 2147483647;
			files = (
				9863F0442C44DBD30034EE50 /* KeyboardViewController.swift in Sources */,
				9863F05E2C4B3EB70034EE50 /* AnimalKeyboardView.swift in Sources */,
			);
			runOnlyForDeploymentPostprocessing = 0;
		};
/* End PBXSourcesBuildPhase section */

/* Begin PBXTargetDependency section */
		9863F0472C44DBD30034EE50 /* PBXTargetDependency */ = {
			isa = PBXTargetDependency;
			target = 9863F0402C44DBD30034EE50 /* HelloKeyboard */;
			targetProxy = 9863F0462C44DBD30034EE50 /* PBXContainerItemProxy */;
		};
/* End PBXTargetDependency section */

/* Begin XCBuildConfiguration section */
		9863F0382C44DB290034EE50 /* Debug */ = {
			isa = XCBuildConfiguration;
			buildSettings = {
				ALWAYS_SEARCH_USER_PATHS = NO;
				ASSETCATALOG_COMPILER_GENERATE_SWIFT_ASSET_SYMBOL_EXTENSIONS = YES;
				CLANG_ANALYZER_NONNULL = YES;
				CLANG_ANALYZER_NUMBER_OBJECT_CONVERSION = YES_AGGRESSIVE;
				CLANG_CXX_LANGUAGE_STANDARD = "gnu++20";
				CLANG_ENABLE_MODULES = YES;
				CLANG_ENABLE_OBJC_ARC = YES;
				CLANG_ENABLE_OBJC_WEAK = YES;
				CLANG_WARN_BLOCK_CAPTURE_AUTORELEASING = YES;
				CLANG_WARN_BOOL_CONVERSION = YES;
				CLANG_WARN_COMMA = YES;
				CLANG_WARN_CONSTANT_CONVERSION = YES;
				CLANG_WARN_DEPRECATED_OBJC_IMPLEMENTATIONS = YES;
				CLANG_WARN_DIRECT_OBJC_ISA_USAGE = YES_ERROR;
				CLANG_WARN_DOCUMENTATION_COMMENTS = YES;
				CLANG_WARN_EMPTY_BODY = YES;
				CLANG_WARN_ENUM_CONVERSION = YES;
				CLANG_WARN_INFINITE_RECURSION = YES;
				CLANG_WARN_INT_CONVERSION = YES;
				CLANG_WARN_NON_LITERAL_NULL_CONVERSION = YES;
				CLANG_WARN_OBJC_IMPLICIT_RETAIN_SELF = YES;
				CLANG_WARN_OBJC_LITERAL_CONVERSION = YES;
				CLANG_WARN_OBJC_ROOT_CLASS = YES_ERROR;
				CLANG_WARN_QUOTED_INCLUDE_IN_FRAMEWORK_HEADER = YES;
				CLANG_WARN_RANGE_LOOP_ANALYSIS = YES;
				CLANG_WARN_STRICT_PROTOTYPES = YES;
				CLANG_WARN_SUSPICIOUS_MOVE = YES;
				CLANG_WARN_UNGUARDED_AVAILABILITY = YES_AGGRESSIVE;
				CLANG_WARN_UNREACHABLE_CODE = YES;
				CLANG_WARN__DUPLICATE_METHOD_MATCH = YES;
				COPY_PHASE_STRIP = NO;
				DEBUG_INFORMATION_FORMAT = dwarf;
				ENABLE_STRICT_OBJC_MSGSEND = YES;
				ENABLE_TESTABILITY = YES;
				ENABLE_USER_SCRIPT_SANDBOXING = YES;
				GCC_C_LANGUAGE_STANDARD = gnu17;
				GCC_DYNAMIC_NO_PIC = NO;
				GCC_NO_COMMON_BLOCKS = YES;
				GCC_OPTIMIZATION_LEVEL = 0;
				GCC_PREPROCESSOR_DEFINITIONS = (
					"DEBUG=1",
					"$(inherited)",
				);
				GCC_WARN_64_TO_32_BIT_CONVERSION = YES;
				GCC_WARN_ABOUT_RETURN_TYPE = YES_ERROR;
				GCC_WARN_UNDECLARED_SELECTOR = YES;
				GCC_WARN_UNINITIALIZED_AUTOS = YES_AGGRESSIVE;
				GCC_WARN_UNUSED_FUNCTION = YES;
				GCC_WARN_UNUSED_VARIABLE = YES;
				IPHONEOS_DEPLOYMENT_TARGET = 17.5;
				LOCALIZATION_PREFERS_STRING_CATALOGS = YES;
				MTL_ENABLE_DEBUG_INFO = INCLUDE_SOURCE;
				MTL_FAST_MATH = YES;
				ONLY_ACTIVE_ARCH = YES;
				SDKROOT = iphoneos;
				SWIFT_ACTIVE_COMPILATION_CONDITIONS = "DEBUG $(inherited)";
				SWIFT_OPTIMIZATION_LEVEL = "-Onone";
			};
			name = Debug;
		};
		9863F0392C44DB290034EE50 /* Release */ = {
			isa = XCBuildConfiguration;
			buildSettings = {
				ALWAYS_SEARCH_USER_PATHS = NO;
				ASSETCATALOG_COMPILER_GENERATE_SWIFT_ASSET_SYMBOL_EXTENSIONS = YES;
				CLANG_ANALYZER_NONNULL = YES;
				CLANG_ANALYZER_NUMBER_OBJECT_CONVERSION = YES_AGGRESSIVE;
				CLANG_CXX_LANGUAGE_STANDARD = "gnu++20";
				CLANG_ENABLE_MODULES = YES;
				CLANG_ENABLE_OBJC_ARC = YES;
				CLANG_ENABLE_OBJC_WEAK = YES;
				CLANG_WARN_BLOCK_CAPTURE_AUTORELEASING = YES;
				CLANG_WARN_BOOL_CONVERSION = YES;
				CLANG_WARN_COMMA = YES;
				CLANG_WARN_CONSTANT_CONVERSION = YES;
				CLANG_WARN_DEPRECATED_OBJC_IMPLEMENTATIONS = YES;
				CLANG_WARN_DIRECT_OBJC_ISA_USAGE = YES_ERROR;
				CLANG_WARN_DOCUMENTATION_COMMENTS = YES;
				CLANG_WARN_EMPTY_BODY = YES;
				CLANG_WARN_ENUM_CONVERSION = YES;
				CLANG_WARN_INFINITE_RECURSION = YES;
				CLANG_WARN_INT_CONVERSION = YES;
				CLANG_WARN_NON_LITERAL_NULL_CONVERSION = YES;
				CLANG_WARN_OBJC_IMPLICIT_RETAIN_SELF = YES;
				CLANG_WARN_OBJC_LITERAL_CONVERSION = YES;
				CLANG_WARN_OBJC_ROOT_CLASS = YES_ERROR;
				CLANG_WARN_QUOTED_INCLUDE_IN_FRAMEWORK_HEADER = YES;
				CLANG_WARN_RANGE_LOOP_ANALYSIS = YES;
				CLANG_WARN_STRICT_PROTOTYPES = YES;
				CLANG_WARN_SUSPICIOUS_MOVE = YES;
				CLANG_WARN_UNGUARDED_AVAILABILITY = YES_AGGRESSIVE;
				CLANG_WARN_UNREACHABLE_CODE = YES;
				CLANG_WARN__DUPLICATE_METHOD_MATCH = YES;
				COPY_PHASE_STRIP = NO;
				DEBUG_INFORMATION_FORMAT = "dwarf-with-dsym";
				ENABLE_NS_ASSERTIONS = NO;
				ENABLE_STRICT_OBJC_MSGSEND = YES;
				ENABLE_USER_SCRIPT_SANDBOXING = YES;
				GCC_C_LANGUAGE_STANDARD = gnu17;
				GCC_NO_COMMON_BLOCKS = YES;
				GCC_WARN_64_TO_32_BIT_CONVERSION = YES;
				GCC_WARN_ABOUT_RETURN_TYPE = YES_ERROR;
				GCC_WARN_UNDECLARED_SELECTOR = YES;
				GCC_WARN_UNINITIALIZED_AUTOS = YES_AGGRESSIVE;
				GCC_WARN_UNUSED_FUNCTION = YES;
				GCC_WARN_UNUSED_VARIABLE = YES;
				IPHONEOS_DEPLOYMENT_TARGET = 17.5;
				LOCALIZATION_PREFERS_STRING_CATALOGS = YES;
				MTL_ENABLE_DEBUG_INFO = NO;
				MTL_FAST_MATH = YES;
				SDKROOT = iphoneos;
				SWIFT_COMPILATION_MODE = wholemodule;
				VALIDATE_PRODUCT = YES;
			};
			name = Release;
		};
		9863F03B2C44DB290034EE50 /* Debug */ = {
			isa = XCBuildConfiguration;
			buildSettings = {
				ALWAYS_EMBED_SWIFT_STANDARD_LIBRARIES = YES;
				ASSETCATALOG_COMPILER_APPICON_NAME = AppIcon;
				ASSETCATALOG_COMPILER_GLOBAL_ACCENT_COLOR_NAME = AccentColor;
				CODE_SIGN_STYLE = Automatic;
				CURRENT_PROJECT_VERSION = 1;
				DEVELOPMENT_ASSET_PATHS = "\"HelloKeyboardDemo/Preview Content\"";
				ENABLE_PREVIEWS = YES;
				GENERATE_INFOPLIST_FILE = YES;
				INFOPLIST_KEY_UIApplicationSceneManifest_Generation = YES;
				INFOPLIST_KEY_UIApplicationSupportsIndirectInputEvents = YES;
				INFOPLIST_KEY_UILaunchScreen_Generation = YES;
				INFOPLIST_KEY_UISupportedInterfaceOrientations_iPad = "UIInterfaceOrientationPortrait UIInterfaceOrientationPortraitUpsideDown UIInterfaceOrientationLandscapeLeft UIInterfaceOrientationLandscapeRight";
				INFOPLIST_KEY_UISupportedInterfaceOrientations_iPhone = "UIInterfaceOrientationPortrait UIInterfaceOrientationLandscapeLeft UIInterfaceOrientationLandscapeRight";
				LD_RUNPATH_SEARCH_PATHS = (
					"$(inherited)",
					"@executable_path/Frameworks",
				);
				MARKETING_VERSION = 1.0;
				PRODUCT_BUNDLE_IDENTIFIER = itsuki.enjoy.HelloKeyboardDemo;
				PRODUCT_NAME = "$(TARGET_NAME)";
				SWIFT_EMIT_LOC_STRINGS = YES;
				SWIFT_VERSION = 5.0;
				TARGETED_DEVICE_FAMILY = "1,2";
			};
			name = Debug;
		};
		9863F03C2C44DB290034EE50 /* Release */ = {
			isa = XCBuildConfiguration;
			buildSettings = {
				ALWAYS_EMBED_SWIFT_STANDARD_LIBRARIES = YES;
				ASSETCATALOG_COMPILER_APPICON_NAME = AppIcon;
				ASSETCATALOG_COMPILER_GLOBAL_ACCENT_COLOR_NAME = AccentColor;
				CODE_SIGN_STYLE = Automatic;
				CURRENT_PROJECT_VERSION = 1;
				DEVELOPMENT_ASSET_PATHS = "\"HelloKeyboardDemo/Preview Content\"";
				ENABLE_PREVIEWS = YES;
				GENERATE_INFOPLIST_FILE = YES;
				INFOPLIST_KEY_UIApplicationSceneManifest_Generation = YES;
				INFOPLIST_KEY_UIApplicationSupportsIndirectInputEvents = YES;
				INFOPLIST_KEY_UILaunchScreen_Generation = YES;
				INFOPLIST_KEY_UISupportedInterfaceOrientations_iPad = "UIInterfaceOrientationPortrait UIInterfaceOrientationPortraitUpsideDown UIInterfaceOrientationLandscapeLeft UIInterfaceOrientationLandscapeRight";
				INFOPLIST_KEY_UISupportedInterfaceOrientations_iPhone = "UIInterfaceOrientationPortrait UIInterfaceOrientationLandscapeLeft UIInterfaceOrientationLandscapeRight";
				LD_RUNPATH_SEARCH_PATHS = (
					"$(inherited)",
					"@executable_path/Frameworks",
				);
				MARKETING_VERSION = 1.0;
				PRODUCT_BUNDLE_IDENTIFIER = itsuki.enjoy.HelloKeyboardDemo;
				PRODUCT_NAME = "$(TARGET_NAME)";
				SWIFT_EMIT_LOC_STRINGS = YES;
				SWIFT_VERSION = 5.0;
				TARGETED_DEVICE_FAMILY = "1,2";
			};
			name = Release;
		};
		9863F04A2C44DBD30034EE50 /* Debug */ = {
			isa = XCBuildConfiguration;
			buildSettings = {
				CODE_SIGN_STYLE = Automatic;
				CURRENT_PROJECT_VERSION = 1;
				GENERATE_INFOPLIST_FILE = YES;
				INFOPLIST_FILE = HelloKeyboard/Info.plist;
				INFOPLIST_KEY_CFBundleDisplayName = HelloKeyboard;
				INFOPLIST_KEY_NSHumanReadableCopyright = "";
				LD_RUNPATH_SEARCH_PATHS = (
					"$(inherited)",
					"@executable_path/Frameworks",
					"@executable_path/../../Frameworks",
				);
				MARKETING_VERSION = 1.0;
				PRODUCT_BUNDLE_IDENTIFIER = itsuki.enjoy.HelloKeyboardDemo.HelloKeyboard;
				PRODUCT_NAME = "$(TARGET_NAME)";
				SKIP_INSTALL = YES;
				SWIFT_EMIT_LOC_STRINGS = YES;
				SWIFT_VERSION = 5.0;
				TARGETED_DEVICE_FAMILY = "1,2";
			};
			name = Debug;
		};
		9863F04B2C44DBD30034EE50 /* Release */ = {
			isa = XCBuildConfiguration;
			buildSettings = {
				CODE_SIGN_STYLE = Automatic;
				CURRENT_PROJECT_VERSION = 1;
				GENERATE_INFOPLIST_FILE = YES;
				INFOPLIST_FILE = HelloKeyboard/Info.plist;
				INFOPLIST_KEY_CFBundleDisplayName = HelloKeyboard;
				INFOPLIST_KEY_NSHumanReadableCopyright = "";
				LD_RUNPATH_SEARCH_PATHS = (
					"$(inherited)",
					"@executable_path/Frameworks",
					"@executable_path/../../Frameworks",
				);
				MARKETING_VERSION = 1.0;
				PRODUCT_BUNDLE_IDENTIFIER = itsuki.enjoy.HelloKeyboardDemo.HelloKeyboard;
				PRODUCT_NAME = "$(TARGET_NAME)";
				SKIP_INSTALL = YES;
				SWIFT_EMIT_LOC_STRINGS = YES;
				SWIFT_VERSION = 5.0;
				TARGETED_DEVICE_FAMILY = "1,2";
			};
			name = Release;
		};
/* End XCBuildConfiguration section */

/* Begin XCConfigurationList section */
		9863F0272C44DB270034EE50 /* Build configuration list for PBXProject "HelloKeyboardDemo" */ = {
			isa = XCConfigurationList;
			buildConfigurations = (
				9863F0382C44DB290034EE50 /* Debug */,
				9863F0392C44DB290034EE50 /* Release */,
			);
			defaultConfigurationIsVisible = 0;
			defaultConfigurationName = Release;
		};
		9863F03A2C44DB290034EE50 /* Build configuration list for PBXNativeTarget "HelloKeyboardDemo" */ = {
			isa = XCConfigurationList;
			buildConfigurations = (
				9863F03B2C44DB290034EE50 /* Debug */,
				9863F03C2C44DB290034EE50 /* Release */,
			);
			defaultConfigurationIsVisible = 0;
			defaultConfigurationName = Release;
		};
		9863F0492C44DBD30034EE50 /* Build configuration list for PBXNativeTarget "HelloKeyboard" */ = {
			isa = XCConfigurationList;
			buildConfigurations = (
				9863F04A2C44DBD30034EE50 /* Debug */,
				9863F04B2C44DBD30034EE50 /* Release */,
			);
			defaultConfigurationIsVisible = 0;
			defaultConfigurationName = Release;
		};
/* End XCConfigurationList section */
	};
	rootObject = 9863F0242C44DB270034EE50 /* Project object */;
}
